// !$*UTF8*$!
{
	archiveVersion = 1;
	classes = {
	};
	objectVersion = 50;
	objects = {

/* Begin PBXBuildFile section */
		1E1844A62206B20E0056AE9D /* AppDelegate.swift in Sources */ = {isa = PBXBuildFile; fileRef = 1E1844A52206B20E0056AE9D /* AppDelegate.swift */; };
		1E1844A82206B20E0056AE9D /* ViewController.swift in Sources */ = {isa = PBXBuildFile; fileRef = 1E1844A72206B20E0056AE9D /* ViewController.swift */; };
		1E1844AB2206B20E0056AE9D /* Main.storyboard in Resources */ = {isa = PBXBuildFile; fileRef = 1E1844A92206B20E0056AE9D /* Main.storyboard */; };
		1E1844AD2206B2100056AE9D /* Assets.xcassets in Resources */ = {isa = PBXBuildFile; fileRef = 1E1844AC2206B2100056AE9D /* Assets.xcassets */; };
		1E1844B02206B2100056AE9D /* LaunchScreen.storyboard in Resources */ = {isa = PBXBuildFile; fileRef = 1E1844AE2206B2100056AE9D /* LaunchScreen.storyboard */; };
		1E1844B82206B3030056AE9D /* SwiftButton画像 in Resources */ = {isa = PBXBuildFile; fileRef = 1E1844B72206B3030056AE9D /* SwiftButton画像 */; };
		1E1844BA2206B53D0056AE9D /* NextViewController.swift in Sources */ = {isa = PBXBuildFile; fileRef = 1E1844B92206B53D0056AE9D /* NextViewController.swift */; };
		1E1844BC2206C9E90056AE9D /* MangaViewController.swift in Sources */ = {isa = PBXBuildFile; fileRef = 1E1844BB2206C9E90056AE9D /* MangaViewController.swift */; };
		1E1844BE2206D9BF0056AE9D /* LoginViewController.swift in Sources */ = {isa = PBXBuildFile; fileRef = 1E1844BD2206D9BF0056AE9D /* LoginViewController.swift */; };
		1E1844C02206E4460056AE9D /* WebKitViewController.swift in Sources */ = {isa = PBXBuildFile; fileRef = 1E1844BF2206E4460056AE9D /* WebKitViewController.swift */; };
		1E2D14B9221AD88E0057196D /* callMusic.mp3 in Resources */ = {isa = PBXBuildFile; fileRef = 1E2D14B8221AD88D0057196D /* callMusic.mp3 */; };
		1E2D14BB221B03D40057196D /* baby.mp3 in Resources */ = {isa = PBXBuildFile; fileRef = 1E2D14BA221B03D40057196D /* baby.mp3 */; };
		1E67B405222BD30B0092ECB3 /* bird.jpg in Resources */ = {isa = PBXBuildFile; fileRef = 1E67B403222BD30B0092ECB3 /* bird.jpg */; };
		1E67B406222BD30B0092ECB3 /* sound.wav in Resources */ = {isa = PBXBuildFile; fileRef = 1E67B404222BD30B0092ECB3 /* sound.wav */; };
		1E67B408222BD39D0092ECB3 /* PushViewController.swift in Sources */ = {isa = PBXBuildFile; fileRef = 1E67B407222BD39D0092ECB3 /* PushViewController.swift */; };
		1E67B40A222BD9A00092ECB3 /* PushViewController2.swift in Sources */ = {isa = PBXBuildFile; fileRef = 1E67B409222BD9A00092ECB3 /* PushViewController2.swift */; };
		1EDA4FF9220F1F7F00B564AA /* LineLikeViewController.swift in Sources */ = {isa = PBXBuildFile; fileRef = 1EDA4FF8220F1F7F00B564AA /* LineLikeViewController.swift */; };
		1EDA4FFC2210174600B564AA /* AVFoundation.framework in Frameworks */ = {isa = PBXBuildFile; fileRef = 1EDA4FFB2210174600B564AA /* AVFoundation.framework */; };
		1EF3964D2221A42B00C316A8 /* MapViewController.swift in Sources */ = {isa = PBXBuildFile; fileRef = 1EF3964C2221A42B00C316A8 /* MapViewController.swift */; };
		1EF3964F2222D05300C316A8 /* TableViewController2.swift in Sources */ = {isa = PBXBuildFile; fileRef = 1EF3964E2222D05300C316A8 /* TableViewController2.swift */; };
		1EF396512222D0E000C316A8 /* TableViewController3.swift in Sources */ = {isa = PBXBuildFile; fileRef = 1EF396502222D0E000C316A8 /* TableViewController3.swift */; };
		1EF396532222D1CF00C316A8 /* TableViewController1.swift in Sources */ = {isa = PBXBuildFile; fileRef = 1EF396522222D1CF00C316A8 /* TableViewController1.swift */; };
		1EF396552226E76500C316A8 /* AddViewController.swift in Sources */ = {isa = PBXBuildFile; fileRef = 1EF396542226E76500C316A8 /* AddViewController.swift */; };
		1EF39657222980C400C316A8 /* TodoViewController.swift in Sources */ = {isa = PBXBuildFile; fileRef = 1EF39656222980C400C316A8 /* TodoViewController.swift */; };
/* End PBXBuildFile section */

/* Begin PBXFileReference section */
		1E1844A22206B20E0056AE9D /* SwiftButton1.app */ = {isa = PBXFileReference; explicitFileType = wrapper.application; includeInIndex = 0; path = SwiftButton1.app; sourceTree = BUILT_PRODUCTS_DIR; };
		1E1844A52206B20E0056AE9D /* AppDelegate.swift */ = {isa = PBXFileReference; lastKnownFileType = sourcecode.swift; path = AppDelegate.swift; sourceTree = "<group>"; };
		1E1844A72206B20E0056AE9D /* ViewController.swift */ = {isa = PBXFileReference; lastKnownFileType = sourcecode.swift; path = ViewController.swift; sourceTree = "<group>"; };
		1E1844AA2206B20E0056AE9D /* Base */ = {isa = PBXFileReference; lastKnownFileType = file.storyboard; name = Base; path = Base.lproj/Main.storyboard; sourceTree = "<group>"; };
		1E1844AC2206B2100056AE9D /* Assets.xcassets */ = {isa = PBXFileReference; lastKnownFileType = folder.assetcatalog; path = Assets.xcassets; sourceTree = "<group>"; };
		1E1844AF2206B2100056AE9D /* Base */ = {isa = PBXFileReference; lastKnownFileType = file.storyboard; name = Base; path = Base.lproj/LaunchScreen.storyboard; sourceTree = "<group>"; };
		1E1844B12206B2100056AE9D /* Info.plist */ = {isa = PBXFileReference; lastKnownFileType = text.plist.xml; path = Info.plist; sourceTree = "<group>"; };
		1E1844B72206B3030056AE9D /* SwiftButton画像 */ = {isa = PBXFileReference; lastKnownFileType = folder; path = "SwiftButton画像"; sourceTree = "<group>"; };
		1E1844B92206B53D0056AE9D /* NextViewController.swift */ = {isa = PBXFileReference; lastKnownFileType = sourcecode.swift; path = NextViewController.swift; sourceTree = "<group>"; };
		1E1844BB2206C9E90056AE9D /* MangaViewController.swift */ = {isa = PBXFileReference; lastKnownFileType = sourcecode.swift; name = MangaViewController.swift; path = SwiftButton1/MangaViewController.swift; sourceTree = SOURCE_ROOT; };
		1E1844BD2206D9BF0056AE9D /* LoginViewController.swift */ = {isa = PBXFileReference; lastKnownFileType = sourcecode.swift; path = LoginViewController.swift; sourceTree = "<group>"; };
		1E1844BF2206E4460056AE9D /* WebKitViewController.swift */ = {isa = PBXFileReference; lastKnownFileType = sourcecode.swift; name = WebKitViewController.swift; path = SwiftButton1/WebKitViewController.swift; sourceTree = SOURCE_ROOT; };
		1E2D14B8221AD88D0057196D /* callMusic.mp3 */ = {isa = PBXFileReference; lastKnownFileType = audio.mp3; path = callMusic.mp3; sourceTree = "<group>"; };
		1E2D14BA221B03D40057196D /* baby.mp3 */ = {isa = PBXFileReference; lastKnownFileType = audio.mp3; path = baby.mp3; sourceTree = "<group>"; };
		1E67B403222BD30B0092ECB3 /* bird.jpg */ = {isa = PBXFileReference; lastKnownFileType = image.jpeg; path = bird.jpg; sourceTree = "<group>"; };
		1E67B404222BD30B0092ECB3 /* sound.wav */ = {isa = PBXFileReference; lastKnownFileType = audio.wav; path = sound.wav; sourceTree = "<group>"; };
		1E67B407222BD39D0092ECB3 /* PushViewController.swift */ = {isa = PBXFileReference; lastKnownFileType = sourcecode.swift; path = PushViewController.swift; sourceTree = "<group>"; };
		1E67B409222BD9A00092ECB3 /* PushViewController2.swift */ = {isa = PBXFileReference; lastKnownFileType = sourcecode.swift; path = PushViewController2.swift; sourceTree = "<group>"; };
		1EDA4FF8220F1F7F00B564AA /* LineLikeViewController.swift */ = {isa = PBXFileReference; lastKnownFileType = sourcecode.swift; path = LineLikeViewController.swift; sourceTree = "<group>"; };
		1EDA4FFB2210174600B564AA /* AVFoundation.framework */ = {isa = PBXFileReference; lastKnownFileType = wrapper.framework; name = AVFoundation.framework; path = System/Library/Frameworks/AVFoundation.framework; sourceTree = SDKROOT; };
		1EF3964C2221A42B00C316A8 /* MapViewController.swift */ = {isa = PBXFileReference; lastKnownFileType = sourcecode.swift; path = MapViewController.swift; sourceTree = "<group>"; };
		1EF3964E2222D05300C316A8 /* TableViewController2.swift */ = {isa = PBXFileReference; lastKnownFileType = sourcecode.swift; path = TableViewController2.swift; sourceTree = "<group>"; };
		1EF396502222D0E000C316A8 /* TableViewController3.swift */ = {isa = PBXFileReference; lastKnownFileType = sourcecode.swift; path = TableViewController3.swift; sourceTree = "<group>"; };
		1EF396522222D1CF00C316A8 /* TableViewController1.swift */ = {isa = PBXFileReference; lastKnownFileType = sourcecode.swift; path = TableViewController1.swift; sourceTree = "<group>"; };
		1EF396542226E76500C316A8 /* AddViewController.swift */ = {isa = PBXFileReference; lastKnownFileType = sourcecode.swift; path = AddViewController.swift; sourceTree = "<group>"; };
		1EF39656222980C400C316A8 /* TodoViewController.swift */ = {isa = PBXFileReference; lastKnownFileType = sourcecode.swift; path = TodoViewController.swift; sourceTree = "<group>"; };
/* End PBXFileReference section */

/* Begin PBXFrameworksBuildPhase section */
		1E18449F2206B20E0056AE9D /* Frameworks */ = {
			isa = PBXFrameworksBuildPhase;
			buildActionMask = 2147483647;
			files = (
				1EDA4FFC2210174600B564AA /* AVFoundation.framework in Frameworks */,
			);
			runOnlyForDeploymentPostprocessing = 0;
		};
/* End PBXFrameworksBuildPhase section */

/* Begin PBXGroup section */
		1E1844992206B20E0056AE9D = {
			isa = PBXGroup;
			children = (
				1E1844A42206B20E0056AE9D /* SwiftButton1 */,
				1E1844A32206B20E0056AE9D /* Products */,
				1EDA4FFA2210174600B564AA /* Frameworks */,
			);
			sourceTree = "<group>";
		};
		1E1844A32206B20E0056AE9D /* Products */ = {
			isa = PBXGroup;
			children = (
				1E1844A22206B20E0056AE9D /* SwiftButton1.app */,
			);
			name = Products;
			sourceTree = "<group>";
		};
		1E1844A42206B20E0056AE9D /* SwiftButton1 */ = {
			isa = PBXGroup;
			children = (
				1E1844A52206B20E0056AE9D /* AppDelegate.swift */,
				1E1844A72206B20E0056AE9D /* ViewController.swift */,
				1E1844B92206B53D0056AE9D /* NextViewController.swift */,
				1E1844BB2206C9E90056AE9D /* MangaViewController.swift */,
				1E1844BD2206D9BF0056AE9D /* LoginViewController.swift */,
				1E1844BF2206E4460056AE9D /* WebKitViewController.swift */,
				1EDA4FF8220F1F7F00B564AA /* LineLikeViewController.swift */,
				1EF3964C2221A42B00C316A8 /* MapViewController.swift */,
				1EF396522222D1CF00C316A8 /* TableViewController1.swift */,
				1EF3964E2222D05300C316A8 /* TableViewController2.swift */,
				1EF396502222D0E000C316A8 /* TableViewController3.swift */,
				1EF39656222980C400C316A8 /* TodoViewController.swift */,
				1EF396542226E76500C316A8 /* AddViewController.swift */,
				1E67B407222BD39D0092ECB3 /* PushViewController.swift */,
				1E67B409222BD9A00092ECB3 /* PushViewController2.swift */,
				1E2D14B8221AD88D0057196D /* callMusic.mp3 */,
				1E2D14BA221B03D40057196D /* baby.mp3 */,
				1E67B403222BD30B0092ECB3 /* bird.jpg */,
				1E67B404222BD30B0092ECB3 /* sound.wav */,
				1E1844AC2206B2100056AE9D /* Assets.xcassets */,
				1E1844A92206B20E0056AE9D /* Main.storyboard */,
				1E1844AE2206B2100056AE9D /* LaunchScreen.storyboard */,
				1E1844B12206B2100056AE9D /* Info.plist */,
				1E1844B72206B3030056AE9D /* SwiftButton画像 */,
			);
			path = SwiftButton1;
			sourceTree = "<group>";
		};
		1EDA4FFA2210174600B564AA /* Frameworks */ = {
			isa = PBXGroup;
			children = (
				1EDA4FFB2210174600B564AA /* AVFoundation.framework */,
			);
			name = Frameworks;
			sourceTree = "<group>";
		};
/* End PBXGroup section */

/* Begin PBXNativeTarget section */
		1E1844A12206B20E0056AE9D /* SwiftButton1 */ = {
			isa = PBXNativeTarget;
			buildConfigurationList = 1E1844B42206B2100056AE9D /* Build configuration list for PBXNativeTarget "SwiftButton1" */;
			buildPhases = (
				1E18449E2206B20E0056AE9D /* Sources */,
				1E18449F2206B20E0056AE9D /* Frameworks */,
				1E1844A02206B20E0056AE9D /* Resources */,
			);
			buildRules = (
			);
			dependencies = (
			);
			name = SwiftButton1;
			productName = SwiftButton1;
			productReference = 1E1844A22206B20E0056AE9D /* SwiftButton1.app */;
			productType = "com.apple.product-type.application";
		};
/* End PBXNativeTarget section */

/* Begin PBXProject section */
		1E18449A2206B20E0056AE9D /* Project object */ = {
			isa = PBXProject;
			attributes = {
				LastSwiftUpdateCheck = 1010;
				LastUpgradeCheck = 1010;
				ORGANIZATIONNAME = "福島浩一郎";
				TargetAttributes = {
					1E1844A12206B20E0056AE9D = {
						CreatedOnToolsVersion = 10.1;
					};
				};
			};
			buildConfigurationList = 1E18449D2206B20E0056AE9D /* Build configuration list for PBXProject "SwiftButton1" */;
			compatibilityVersion = "Xcode 9.3";
			developmentRegion = en;
			hasScannedForEncodings = 0;
			knownRegions = (
				en,
				Base,
			);
			mainGroup = 1E1844992206B20E0056AE9D;
			productRefGroup = 1E1844A32206B20E0056AE9D /* Products */;
			projectDirPath = "";
			projectRoot = "";
			targets = (
				1E1844A12206B20E0056AE9D /* SwiftButton1 */,
			);
		};
/* End PBXProject section */

/* Begin PBXResourcesBuildPhase section */
		1E1844A02206B20E0056AE9D /* Resources */ = {
			isa = PBXResourcesBuildPhase;
			buildActionMask = 2147483647;
			files = (
				1E1844B82206B3030056AE9D /* SwiftButton画像 in Resources */,
				1E1844B02206B2100056AE9D /* LaunchScreen.storyboard in Resources */,
				1E2D14BB221B03D40057196D /* baby.mp3 in Resources */,
				1E2D14B9221AD88E0057196D /* callMusic.mp3 in Resources */,
				1E1844AD2206B2100056AE9D /* Assets.xcassets in Resources */,
				1E67B405222BD30B0092ECB3 /* bird.jpg in Resources */,
				1E67B406222BD30B0092ECB3 /* sound.wav in Resources */,
				1E1844AB2206B20E0056AE9D /* Main.storyboard in Resources */,
			);
			runOnlyForDeploymentPostprocessing = 0;
		};
/* End PBXResourcesBuildPhase section */

/* Begin PBXSourcesBuildPhase section */
		1E18449E2206B20E0056AE9D /* Sources */ = {
			isa = PBXSourcesBuildPhase;
			buildActionMask = 2147483647;
			files = (
				1EDA4FF9220F1F7F00B564AA /* LineLikeViewController.swift in Sources */,
				1EF3964F2222D05300C316A8 /* TableViewController2.swift in Sources */,
				1EF396552226E76500C316A8 /* AddViewController.swift in Sources */,
				1E1844A82206B20E0056AE9D /* ViewController.swift in Sources */,
				1E1844BA2206B53D0056AE9D /* NextViewController.swift in Sources */,
				1EF396532222D1CF00C316A8 /* TableViewController1.swift in Sources */,
				1E67B408222BD39D0092ECB3 /* PushViewController.swift in Sources */,
				1EF39657222980C400C316A8 /* TodoViewController.swift in Sources */,
				1E1844C02206E4460056AE9D /* WebKitViewController.swift in Sources */,
				1E1844A62206B20E0056AE9D /* AppDelegate.swift in Sources */,
				1E1844BE2206D9BF0056AE9D /* LoginViewController.swift in Sources */,
				1E1844BC2206C9E90056AE9D /* MangaViewController.swift in Sources */,
				1E67B40A222BD9A00092ECB3 /* PushViewController2.swift in Sources */,
				1EF3964D2221A42B00C316A8 /* MapViewController.swift in Sources */,
				1EF396512222D0E000C316A8 /* TableViewController3.swift in Sources */,
			);
			runOnlyForDeploymentPostprocessing = 0;
		};
/* End PBXSourcesBuildPhase section */

/* Begin PBXVariantGroup section */
		1E1844A92206B20E0056AE9D /* Main.storyboard */ = {
			isa = PBXVariantGroup;
			children = (
				1E1844AA2206B20E0056AE9D /* Base */,
			);
			name = Main.storyboard;
			sourceTree = "<group>";
		};
		1E1844AE2206B2100056AE9D /* LaunchScreen.storyboard */ = {
			isa = PBXVariantGroup;
			children = (
				1E1844AF2206B2100056AE9D /* Base */,
			);
			name = LaunchScreen.storyboard;
			sourceTree = "<group>";
		};
/* End PBXVariantGroup section */

/* Begin XCBuildConfiguration section */
		1E1844B22206B2100056AE9D /* Debug */ = {
			isa = XCBuildConfiguration;
			buildSettings = {
				ALWAYS_SEARCH_USER_PATHS = NO;
				CLANG_ANALYZER_NONNULL = YES;
				CLANG_ANALYZER_NUMBER_OBJECT_CONVERSION = YES_AGGRESSIVE;
				CLANG_CXX_LANGUAGE_STANDARD = "gnu++14";
				CLANG_CXX_LIBRARY = "libc++";
				CLANG_ENABLE_MODULES = YES;
				CLANG_ENABLE_OBJC_ARC = YES;
				CLANG_ENABLE_OBJC_WEAK = YES;
				CLANG_WARN_BLOCK_CAPTURE_AUTORELEASING = YES;
				CLANG_WARN_BOOL_CONVERSION = YES;
				CLANG_WARN_COMMA = YES;
				CLANG_WARN_CONSTANT_CONVERSION = YES;
				CLANG_WARN_DEPRECATED_OBJC_IMPLEMENTATIONS = YES;
				CLANG_WARN_DIRECT_OBJC_ISA_USAGE = YES_ERROR;
				CLANG_WARN_DOCUMENTATION_COMMENTS = YES;
				CLANG_WARN_EMPTY_BODY = YES;
				CLANG_WARN_ENUM_CONVERSION = YES;
				CLANG_WARN_INFINITE_RECURSION = YES;
				CLANG_WARN_INT_CONVERSION = YES;
				CLANG_WARN_NON_LITERAL_NULL_CONVERSION = YES;
				CLANG_WARN_OBJC_IMPLICIT_RETAIN_SELF = YES;
				CLANG_WARN_OBJC_LITERAL_CONVERSION = YES;
				CLANG_WARN_OBJC_ROOT_CLASS = YES_ERROR;
				CLANG_WARN_RANGE_LOOP_ANALYSIS = YES;
				CLANG_WARN_STRICT_PROTOTYPES = YES;
				CLANG_WARN_SUSPICIOUS_MOVE = YES;
				CLANG_WARN_UNGUARDED_AVAILABILITY = YES_AGGRESSIVE;
				CLANG_WARN_UNREACHABLE_CODE = YES;
				CLANG_WARN__DUPLICATE_METHOD_MATCH = YES;
				CODE_SIGN_IDENTITY = "iPhone Developer";
				COPY_PHASE_STRIP = NO;
				DEBUG_INFORMATION_FORMAT = dwarf;
				ENABLE_STRICT_OBJC_MSGSEND = YES;
				ENABLE_TESTABILITY = YES;
				GCC_C_LANGUAGE_STANDARD = gnu11;
				GCC_DYNAMIC_NO_PIC = NO;
				GCC_NO_COMMON_BLOCKS = YES;
				GCC_OPTIMIZATION_LEVEL = 0;
				GCC_PREPROCESSOR_DEFINITIONS = (
					"DEBUG=1",
					"$(inherited)",
				);
				GCC_WARN_64_TO_32_BIT_CONVERSION = YES;
				GCC_WARN_ABOUT_RETURN_TYPE = YES_ERROR;
				GCC_WARN_UNDECLARED_SELECTOR = YES;
				GCC_WARN_UNINITIALIZED_AUTOS = YES_AGGRESSIVE;
				GCC_WARN_UNUSED_FUNCTION = YES;
				GCC_WARN_UNUSED_VARIABLE = YES;
				IPHONEOS_DEPLOYMENT_TARGET = 12.1;
				MTL_ENABLE_DEBUG_INFO = INCLUDE_SOURCE;
				MTL_FAST_MATH = YES;
				ONLY_ACTIVE_ARCH = YES;
				SDKROOT = iphoneos;
				SWIFT_ACTIVE_COMPILATION_CONDITIONS = DEBUG;
				SWIFT_OPTIMIZATION_LEVEL = "-Onone";
			};
			name = Debug;
		};
		1E1844B32206B2100056AE9D /* Release */ = {
			isa = XCBuildConfiguration;
			buildSettings = {
				ALWAYS_SEARCH_USER_PATHS = NO;
				CLANG_ANALYZER_NONNULL = YES;
				CLANG_ANALYZER_NUMBER_OBJECT_CONVERSION = YES_AGGRESSIVE;
				CLANG_CXX_LANGUAGE_STANDARD = "gnu++14";
				CLANG_CXX_LIBRARY = "libc++";
				CLANG_ENABLE_MODULES = YES;
				CLANG_ENABLE_OBJC_ARC = YES;
				CLANG_ENABLE_OBJC_WEAK = YES;
				CLANG_WARN_BLOCK_CAPTURE_AUTORELEASING = YES;
				CLANG_WARN_BOOL_CONVERSION = YES;
				CLANG_WARN_COMMA = YES;
				CLANG_WARN_CONSTANT_CONVERSION = YES;
				CLANG_WARN_DEPRECATED_OBJC_IMPLEMENTATIONS = YES;
				CLANG_WARN_DIRECT_OBJC_ISA_USAGE = YES_ERROR;
				CLANG_WARN_DOCUMENTATION_COMMENTS = YES;
				CLANG_WARN_EMPTY_BODY = YES;
				CLANG_WARN_ENUM_CONVERSION = YES;
				CLANG_WARN_INFINITE_RECURSION = YES;
				CLANG_WARN_INT_CONVERSION = YES;
				CLANG_WARN_NON_LITERAL_NULL_CONVERSION = YES;
				CLANG_WARN_OBJC_IMPLICIT_RETAIN_SELF = YES;
				CLANG_WARN_OBJC_LITERAL_CONVERSION = YES;
				CLANG_WARN_OBJC_ROOT_CLASS = YES_ERROR;
				CLANG_WARN_RANGE_LOOP_ANALYSIS = YES;
				CLANG_WARN_STRICT_PROTOTYPES = YES;
				CLANG_WARN_SUSPICIOUS_MOVE = YES;
				CLANG_WARN_UNGUARDED_AVAILABILITY = YES_AGGRESSIVE;
				CLANG_WARN_UNREACHABLE_CODE = YES;
				CLANG_WARN__DUPLICATE_METHOD_MATCH = YES;
				CODE_SIGN_IDENTITY = "iPhone Developer";
				COPY_PHASE_STRIP = NO;
				DEBUG_INFORMATION_FORMAT = "dwarf-with-dsym";
				ENABLE_NS_ASSERTIONS = NO;
				ENABLE_STRICT_OBJC_MSGSEND = YES;
				GCC_C_LANGUAGE_STANDARD = gnu11;
				GCC_NO_COMMON_BLOCKS = YES;
				GCC_WARN_64_TO_32_BIT_CONVERSION = YES;
				GCC_WARN_ABOUT_RETURN_TYPE = YES_ERROR;
				GCC_WARN_UNDECLARED_SELECTOR = YES;
				GCC_WARN_UNINITIALIZED_AUTOS = YES_AGGRESSIVE;
				GCC_WARN_UNUSED_FUNCTION = YES;
				GCC_WARN_UNUSED_VARIABLE = YES;
				IPHONEOS_DEPLOYMENT_TARGET = 12.1;
				MTL_ENABLE_DEBUG_INFO = NO;
				MTL_FAST_MATH = YES;
				SDKROOT = iphoneos;
				SWIFT_COMPILATION_MODE = wholemodule;
				SWIFT_OPTIMIZATION_LEVEL = "-O";
				VALIDATE_PRODUCT = YES;
			};
			name = Release;
		};
		1E1844B52206B2100056AE9D /* Debug */ = {
			isa = XCBuildConfiguration;
			buildSettings = {
				ASSETCATALOG_COMPILER_APPICON_NAME = AppIcon;
				CODE_SIGN_STYLE = Automatic;
				DEVELOPMENT_TEAM = 96L8TQCRDM;
				INFOPLIST_FILE = SwiftButton1/Info.plist;
				LD_RUNPATH_SEARCH_PATHS = (
					"$(inherited)",
					"@executable_path/Frameworks",
				);
				PRODUCT_BUNDLE_IDENTIFIER = com.emine.SwiftButton1;
				PRODUCT_NAME = "$(TARGET_NAME)";
				SWIFT_VERSION = 4.2;
				TARGETED_DEVICE_FAMILY = "1,2";
			};
			name = Debug;
		};
		1E1844B62206B2100056AE9D /* Release */ = {
			isa = XCBuildConfiguration;
			buildSettings = {
				ASSETCATALOG_COMPILER_APPICON_NAME = AppIcon;
				CODE_SIGN_STYLE = Automatic;
				DEVELOPMENT_TEAM = 96L8TQCRDM;
				INFOPLIST_FILE = SwiftButton1/Info.plist;
				LD_RUNPATH_SEARCH_PATHS = (
					"$(inherited)",
					"@executable_path/Frameworks",
				);
				PRODUCT_BUNDLE_IDENTIFIER = com.emine.SwiftButton1;
				PRODUCT_NAME = "$(TARGET_NAME)";
				SWIFT_VERSION = 4.2;
				TARGETED_DEVICE_FAMILY = "1,2";
			};
			name = Release;
		};
/* End XCBuildConfiguration section */

/* Begin XCConfigurationList section */
		1E18449D2206B20E0056AE9D /* Build configuration list for PBXProject "SwiftButton1" */ = {
			isa = XCConfigurationList;
			buildConfigurations = (
				1E1844B22206B2100056AE9D /* Debug */,
				1E1844B32206B2100056AE9D /* Release */,
			);
			defaultConfigurationIsVisible = 0;
			defaultConfigurationName = Release;
		};
		1E1844B42206B2100056AE9D /* Build configuration list for PBXNativeTarget "SwiftButton1" */ = {
			isa = XCConfigurationList;
			buildConfigurations = (
				1E1844B52206B2100056AE9D /* Debug */,
				1E1844B62206B2100056AE9D /* Release */,
			);
			defaultConfigurationIsVisible = 0;
			defaultConfigurationName = Release;
		};
/* End XCConfigurationList section */
	};
	rootObject = 1E18449A2206B20E0056AE9D /* Project object */;
}
